// !$*UTF8*$!
{
	archiveVersion = 1;
	classes = {
	};
	objectVersion = 46;
	objects = {

/* Begin PBXBuildFile section */
		01154F511B94A89600A2D862 /* SocialViewController.m in Sources */ = {isa = PBXBuildFile; fileRef = 01154F501B94A89600A2D862 /* SocialViewController.m */; };
		01154F531B94ADD500A2D862 /* Social.framework in Frameworks */ = {isa = PBXBuildFile; fileRef = 01154F521B94ADD500A2D862 /* Social.framework */; };
		01154F561B94C5DB00A2D862 /* RaffleViewController.m in Sources */ = {isa = PBXBuildFile; fileRef = 01154F551B94C5DB00A2D862 /* RaffleViewController.m */; };
		01154F591B94F11F00A2D862 /* WebViewController.m in Sources */ = {isa = PBXBuildFile; fileRef = 01154F581B94F11F00A2D862 /* WebViewController.m */; };
		01154F5C1B94F85500A2D862 /* URLService.m in Sources */ = {isa = PBXBuildFile; fileRef = 01154F5B1B94F85500A2D862 /* URLService.m */; };
		014F315E1B8CF5D80062FC24 /* MapViewController.m in Sources */ = {isa = PBXBuildFile; fileRef = 014F315D1B8CF5D80062FC24 /* MapViewController.m */; };
		014F31601B8CFBAB0062FC24 /* MapKit.framework in Frameworks */ = {isa = PBXBuildFile; fileRef = 014F315F1B8CFBAB0062FC24 /* MapKit.framework */; };
		014F31631B8CFDB30062FC24 /* PlaceAnnotation.m in Sources */ = {isa = PBXBuildFile; fileRef = 014F31621B8CFDB30062FC24 /* PlaceAnnotation.m */; };
		01673EE51B842121003BF37F /* main.m in Sources */ = {isa = PBXBuildFile; fileRef = 01673EE41B842121003BF37F /* main.m */; };
		01673EE81B842121003BF37F /* AppDelegate.m in Sources */ = {isa = PBXBuildFile; fileRef = 01673EE71B842121003BF37F /* AppDelegate.m */; };
		01673EEB1B842121003BF37F /* PolarionLive2015.xcdatamodeld in Sources */ = {isa = PBXBuildFile; fileRef = 01673EE91B842121003BF37F /* PolarionLive2015.xcdatamodeld */; };
		01673EEE1B842121003BF37F /* ViewController.m in Sources */ = {isa = PBXBuildFile; fileRef = 01673EED1B842121003BF37F /* ViewController.m */; };
		01673EF11B842121003BF37F /* Main.storyboard in Resources */ = {isa = PBXBuildFile; fileRef = 01673EEF1B842121003BF37F /* Main.storyboard */; };
		01673EF31B842121003BF37F /* Images.xcassets in Resources */ = {isa = PBXBuildFile; fileRef = 01673EF21B842121003BF37F /* Images.xcassets */; };
		01673F021B842121003BF37F /* PolarionLive2015Tests.m in Sources */ = {isa = PBXBuildFile; fileRef = 01673F011B842121003BF37F /* PolarionLive2015Tests.m */; };
		01673F3A1B85057C003BF37F /* Parse.framework in Frameworks */ = {isa = PBXBuildFile; fileRef = 01673F381B85057C003BF37F /* Parse.framework */; };
		01673F441B8505E0003BF37F /* AudioToolbox.framework in Frameworks */ = {isa = PBXBuildFile; fileRef = 01673F3B1B8505E0003BF37F /* AudioToolbox.framework */; };
		01673F451B8505E0003BF37F /* CFNetwork.framework in Frameworks */ = {isa = PBXBuildFile; fileRef = 01673F3C1B8505E0003BF37F /* CFNetwork.framework */; };
		01673F461B8505E0003BF37F /* CoreLocation.framework in Frameworks */ = {isa = PBXBuildFile; fileRef = 01673F3D1B8505E0003BF37F /* CoreLocation.framework */; };
		01673F471B8505E0003BF37F /* libsqlite3.dylib in Frameworks */ = {isa = PBXBuildFile; fileRef = 01673F3E1B8505E0003BF37F /* libsqlite3.dylib */; };
		01673F481B8505E0003BF37F /* libz.dylib in Frameworks */ = {isa = PBXBuildFile; fileRef = 01673F3F1B8505E0003BF37F /* libz.dylib */; };
		01673F491B8505E0003BF37F /* QuartzCore.framework in Frameworks */ = {isa = PBXBuildFile; fileRef = 01673F401B8505E0003BF37F /* QuartzCore.framework */; };
		01673F4A1B8505E0003BF37F /* Security.framework in Frameworks */ = {isa = PBXBuildFile; fileRef = 01673F411B8505E0003BF37F /* Security.framework */; };
		01673F4B1B8505E0003BF37F /* StoreKit.framework in Frameworks */ = {isa = PBXBuildFile; fileRef = 01673F421B8505E0003BF37F /* StoreKit.framework */; };
		01673F4C1B8505E0003BF37F /* SystemConfiguration.framework in Frameworks */ = {isa = PBXBuildFile; fileRef = 01673F431B8505E0003BF37F /* SystemConfiguration.framework */; };
		01673F5A1B850DAF003BF37F /* Bolts.framework in Frameworks */ = {isa = PBXBuildFile; fileRef = 01673F591B850DAF003BF37F /* Bolts.framework */; };
		01673F681B851035003BF37F /* DateObject.m in Sources */ = {isa = PBXBuildFile; fileRef = 01673F631B851035003BF37F /* DateObject.m */; };
		01673F691B851035003BF37F /* SessionInfo.m in Sources */ = {isa = PBXBuildFile; fileRef = 01673F651B851035003BF37F /* SessionInfo.m */; };
		01673F6A1B851035003BF37F /* SessionRating.m in Sources */ = {isa = PBXBuildFile; fileRef = 01673F671B851035003BF37F /* SessionRating.m */; };
		01673F6E1B85136A003BF37F /* HomeViewController.m in Sources */ = {isa = PBXBuildFile; fileRef = 01673F6D1B85136A003BF37F /* HomeViewController.m */; };
		01673F711B8517A9003BF37F /* AgendaTableViewController.m in Sources */ = {isa = PBXBuildFile; fileRef = 01673F701B8517A9003BF37F /* AgendaTableViewController.m */; };
		01673FAD1B854686003BF37F /* AgendaTableViewCell.m in Sources */ = {isa = PBXBuildFile; fileRef = 01673FAC1B854686003BF37F /* AgendaTableViewCell.m */; };
		01673FB01B855D4D003BF37F /* LoginViewController.m in Sources */ = {isa = PBXBuildFile; fileRef = 01673FAF1B855D4D003BF37F /* LoginViewController.m */; };
		01673FB61B855DDD003BF37F /* login-button-small-pressed.png in Resources */ = {isa = PBXBuildFile; fileRef = 01673FB21B855DDD003BF37F /* login-button-small-pressed.png */; };
		01673FB71B855DDD003BF37F /* login-button-small-pressed@2x.png in Resources */ = {isa = PBXBuildFile; fileRef = 01673FB31B855DDD003BF37F /* login-button-small-pressed@2x.png */; };
		01673FB81B855DDD003BF37F /* login-button-small.png in Resources */ = {isa = PBXBuildFile; fileRef = 01673FB41B855DDD003BF37F /* login-button-small.png */; };
		01673FB91B855DDD003BF37F /* login-button-small@2x.png in Resources */ = {isa = PBXBuildFile; fileRef = 01673FB51B855DDD003BF37F /* login-button-small@2x.png */; };
		01673FBC1B86464A003BF37F /* SignUpViewController.m in Sources */ = {isa = PBXBuildFile; fileRef = 01673FBB1B864649003BF37F /* SignUpViewController.m */; };
		01673FBF1B865D22003BF37F /* SessionDetailsViewController.m in Sources */ = {isa = PBXBuildFile; fileRef = 01673FBE1B865D22003BF37F /* SessionDetailsViewController.m */; };
		016740481B8ACB2E003BF37F /* AMRatingControl.m in Sources */ = {isa = PBXBuildFile; fileRef = 016740471B8ACB2E003BF37F /* AMRatingControl.m */; };
		0167404B1B8B7BD5003BF37F /* LaunchScreen.xib in Resources */ = {isa = PBXBuildFile; fileRef = 016740491B8B7BD5003BF37F /* LaunchScreen.xib */; };
		016740531B8B8DB2003BF37F /* RECommonFunctions.m in Sources */ = {isa = PBXBuildFile; fileRef = 0167404E1B8B8DB2003BF37F /* RECommonFunctions.m */; };
		016740541B8B8DB2003BF37F /* RESideMenu.m in Sources */ = {isa = PBXBuildFile; fileRef = 016740501B8B8DB2003BF37F /* RESideMenu.m */; };
		016740551B8B8DB2003BF37F /* UIViewController+RESideMenu.m in Sources */ = {isa = PBXBuildFile; fileRef = 016740521B8B8DB2003BF37F /* UIViewController+RESideMenu.m */; };
		016740581B8B8EB7003BF37F /* RootViewController.m in Sources */ = {isa = PBXBuildFile; fileRef = 016740571B8B8EB7003BF37F /* RootViewController.m */; };
		0167405B1B8B8F34003BF37F /* LeftMenuViewController.m in Sources */ = {isa = PBXBuildFile; fileRef = 0167405A1B8B8F34003BF37F /* LeftMenuViewController.m */; };
		01A61F671B96C9B1000A7DAC /* AgendaItem.m in Sources */ = {isa = PBXBuildFile; fileRef = 01A61F661B96C9B1000A7DAC /* AgendaItem.m */; };
		01A61F6A1B98AE5B000A7DAC /* SpeakerTableViewController.m in Sources */ = {isa = PBXBuildFile; fileRef = 01A61F691B98AE5B000A7DAC /* SpeakerTableViewController.m */; };
		01A61F6D1B98B3D7000A7DAC /* SpeakerTableViewCell.m in Sources */ = {isa = PBXBuildFile; fileRef = 01A61F6C1B98B3D7000A7DAC /* SpeakerTableViewCell.m */; };
		01CF8BBF1B9622E40096F438 /* QRCodeViewController.m in Sources */ = {isa = PBXBuildFile; fileRef = 01CF8BBE1B9622E40096F438 /* QRCodeViewController.m */; };
		01E578EE1BB772E400D4D498 /* PartnersViewController.m in Sources */ = {isa = PBXBuildFile; fileRef = 01E578ED1BB772E400D4D498 /* PartnersViewController.m */; };
/* End PBXBuildFile section */

/* Begin PBXContainerItemProxy section */
		01673EFC1B842121003BF37F /* PBXContainerItemProxy */ = {
			isa = PBXContainerItemProxy;
			containerPortal = 01673ED71B842121003BF37F /* Project object */;
			proxyType = 1;
			remoteGlobalIDString = 01673EDE1B842121003BF37F;
			remoteInfo = PolarionLive2015;
		};
/* End PBXContainerItemProxy section */

/* Begin PBXFileReference section */
		01154F4F1B94A89600A2D862 /* SocialViewController.h */ = {isa = PBXFileReference; fileEncoding = 4; lastKnownFileType = sourcecode.c.h; path = SocialViewController.h; sourceTree = "<group>"; };
		01154F501B94A89600A2D862 /* SocialViewController.m */ = {isa = PBXFileReference; fileEncoding = 4; lastKnownFileType = sourcecode.c.objc; path = SocialViewController.m; sourceTree = "<group>"; };
		01154F521B94ADD500A2D862 /* Social.framework */ = {isa = PBXFileReference; lastKnownFileType = wrapper.framework; name = Social.framework; path = System/Library/Frameworks/Social.framework; sourceTree = SDKROOT; };
		01154F541B94C5DB00A2D862 /* RaffleViewController.h */ = {isa = PBXFileReference; fileEncoding = 4; lastKnownFileType = sourcecode.c.h; path = RaffleViewController.h; sourceTree = "<group>"; };
		01154F551B94C5DB00A2D862 /* RaffleViewController.m */ = {isa = PBXFileReference; fileEncoding = 4; lastKnownFileType = sourcecode.c.objc; path = RaffleViewController.m; sourceTree = "<group>"; };
		01154F571B94F11F00A2D862 /* WebViewController.h */ = {isa = PBXFileReference; fileEncoding = 4; lastKnownFileType = sourcecode.c.h; path = WebViewController.h; sourceTree = "<group>"; };
		01154F581B94F11F00A2D862 /* WebViewController.m */ = {isa = PBXFileReference; fileEncoding = 4; lastKnownFileType = sourcecode.c.objc; path = WebViewController.m; sourceTree = "<group>"; };
		01154F5A1B94F85500A2D862 /* URLService.h */ = {isa = PBXFileReference; fileEncoding = 4; lastKnownFileType = sourcecode.c.h; path = URLService.h; sourceTree = "<group>"; };
		01154F5B1B94F85500A2D862 /* URLService.m */ = {isa = PBXFileReference; fileEncoding = 4; lastKnownFileType = sourcecode.c.objc; path = URLService.m; sourceTree = "<group>"; };
		014F315C1B8CF5D80062FC24 /* MapViewController.h */ = {isa = PBXFileReference; fileEncoding = 4; lastKnownFileType = sourcecode.c.h; path = MapViewController.h; sourceTree = "<group>"; };
		014F315D1B8CF5D80062FC24 /* MapViewController.m */ = {isa = PBXFileReference; fileEncoding = 4; lastKnownFileType = sourcecode.c.objc; path = MapViewController.m; sourceTree = "<group>"; };
		014F315F1B8CFBAB0062FC24 /* MapKit.framework */ = {isa = PBXFileReference; lastKnownFileType = wrapper.framework; name = MapKit.framework; path = System/Library/Frameworks/MapKit.framework; sourceTree = SDKROOT; };
		014F31611B8CFDB30062FC24 /* PlaceAnnotation.h */ = {isa = PBXFileReference; fileEncoding = 4; lastKnownFileType = sourcecode.c.h; path = PlaceAnnotation.h; sourceTree = "<group>"; };
		014F31621B8CFDB30062FC24 /* PlaceAnnotation.m */ = {isa = PBXFileReference; fileEncoding = 4; lastKnownFileType = sourcecode.c.objc; path = PlaceAnnotation.m; sourceTree = "<group>"; };
		01673EDF1B842121003BF37F /* PolarionLive2015.app */ = {isa = PBXFileReference; explicitFileType = wrapper.application; includeInIndex = 0; path = PolarionLive2015.app; sourceTree = BUILT_PRODUCTS_DIR; };
		01673EE31B842121003BF37F /* Info.plist */ = {isa = PBXFileReference; lastKnownFileType = text.plist.xml; path = Info.plist; sourceTree = "<group>"; };
		01673EE41B842121003BF37F /* main.m */ = {isa = PBXFileReference; lastKnownFileType = sourcecode.c.objc; path = main.m; sourceTree = "<group>"; };
		01673EE61B842121003BF37F /* AppDelegate.h */ = {isa = PBXFileReference; lastKnownFileType = sourcecode.c.h; path = AppDelegate.h; sourceTree = "<group>"; };
		01673EE71B842121003BF37F /* AppDelegate.m */ = {isa = PBXFileReference; lastKnownFileType = sourcecode.c.objc; path = AppDelegate.m; sourceTree = "<group>"; };
		01673EEA1B842121003BF37F /* PolarionLive2015.xcdatamodel */ = {isa = PBXFileReference; lastKnownFileType = wrapper.xcdatamodel; path = PolarionLive2015.xcdatamodel; sourceTree = "<group>"; };
		01673EEC1B842121003BF37F /* ViewController.h */ = {isa = PBXFileReference; lastKnownFileType = sourcecode.c.h; path = ViewController.h; sourceTree = "<group>"; };
		01673EED1B842121003BF37F /* ViewController.m */ = {isa = PBXFileReference; lastKnownFileType = sourcecode.c.objc; path = ViewController.m; sourceTree = "<group>"; };
		01673EF01B842121003BF37F /* Base */ = {isa = PBXFileReference; lastKnownFileType = file.storyboard; name = Base; path = Base.lproj/Main.storyboard; sourceTree = "<group>"; };
		01673EF21B842121003BF37F /* Images.xcassets */ = {isa = PBXFileReference; lastKnownFileType = folder.assetcatalog; path = Images.xcassets; sourceTree = "<group>"; };
		01673EFB1B842121003BF37F /* PolarionLive2015Tests.xctest */ = {isa = PBXFileReference; explicitFileType = wrapper.cfbundle; includeInIndex = 0; path = PolarionLive2015Tests.xctest; sourceTree = BUILT_PRODUCTS_DIR; };
		01673F001B842121003BF37F /* Info.plist */ = {isa = PBXFileReference; lastKnownFileType = text.plist.xml; path = Info.plist; sourceTree = "<group>"; };
		01673F011B842121003BF37F /* PolarionLive2015Tests.m */ = {isa = PBXFileReference; lastKnownFileType = sourcecode.c.objc; path = PolarionLive2015Tests.m; sourceTree = "<group>"; };
		01673F381B85057C003BF37F /* Parse.framework */ = {isa = PBXFileReference; lastKnownFileType = wrapper.framework; path = Parse.framework; sourceTree = "<group>"; };
		01673F3B1B8505E0003BF37F /* AudioToolbox.framework */ = {isa = PBXFileReference; lastKnownFileType = wrapper.framework; name = AudioToolbox.framework; path = System/Library/Frameworks/AudioToolbox.framework; sourceTree = SDKROOT; };
		01673F3C1B8505E0003BF37F /* CFNetwork.framework */ = {isa = PBXFileReference; lastKnownFileType = wrapper.framework; name = CFNetwork.framework; path = System/Library/Frameworks/CFNetwork.framework; sourceTree = SDKROOT; };
		01673F3D1B8505E0003BF37F /* CoreLocation.framework */ = {isa = PBXFileReference; lastKnownFileType = wrapper.framework; name = CoreLocation.framework; path = System/Library/Frameworks/CoreLocation.framework; sourceTree = SDKROOT; };
		01673F3E1B8505E0003BF37F /* libsqlite3.dylib */ = {isa = PBXFileReference; lastKnownFileType = "compiled.mach-o.dylib"; name = libsqlite3.dylib; path = usr/lib/libsqlite3.dylib; sourceTree = SDKROOT; };
		01673F3F1B8505E0003BF37F /* libz.dylib */ = {isa = PBXFileReference; lastKnownFileType = "compiled.mach-o.dylib"; name = libz.dylib; path = usr/lib/libz.dylib; sourceTree = SDKROOT; };
		01673F401B8505E0003BF37F /* QuartzCore.framework */ = {isa = PBXFileReference; lastKnownFileType = wrapper.framework; name = QuartzCore.framework; path = System/Library/Frameworks/QuartzCore.framework; sourceTree = SDKROOT; };
		01673F411B8505E0003BF37F /* Security.framework */ = {isa = PBXFileReference; lastKnownFileType = wrapper.framework; name = Security.framework; path = System/Library/Frameworks/Security.framework; sourceTree = SDKROOT; };
		01673F421B8505E0003BF37F /* StoreKit.framework */ = {isa = PBXFileReference; lastKnownFileType = wrapper.framework; name = StoreKit.framework; path = System/Library/Frameworks/StoreKit.framework; sourceTree = SDKROOT; };
		01673F431B8505E0003BF37F /* SystemConfiguration.framework */ = {isa = PBXFileReference; lastKnownFileType = wrapper.framework; name = SystemConfiguration.framework; path = System/Library/Frameworks/SystemConfiguration.framework; sourceTree = SDKROOT; };
		01673F591B850DAF003BF37F /* Bolts.framework */ = {isa = PBXFileReference; lastKnownFileType = wrapper.framework; path = Bolts.framework; sourceTree = "<group>"; };
		01673F621B851035003BF37F /* DateObject.h */ = {isa = PBXFileReference; fileEncoding = 4; lastKnownFileType = sourcecode.c.h; path = DateObject.h; sourceTree = "<group>"; };
		01673F631B851035003BF37F /* DateObject.m */ = {isa = PBXFileReference; fileEncoding = 4; lastKnownFileType = sourcecode.c.objc; path = DateObject.m; sourceTree = "<group>"; };
		01673F641B851035003BF37F /* SessionInfo.h */ = {isa = PBXFileReference; fileEncoding = 4; lastKnownFileType = sourcecode.c.h; path = SessionInfo.h; sourceTree = "<group>"; };
		01673F651B851035003BF37F /* SessionInfo.m */ = {isa = PBXFileReference; fileEncoding = 4; lastKnownFileType = sourcecode.c.objc; path = SessionInfo.m; sourceTree = "<group>"; };
		01673F661B851035003BF37F /* SessionRating.h */ = {isa = PBXFileReference; fileEncoding = 4; lastKnownFileType = sourcecode.c.h; path = SessionRating.h; sourceTree = "<group>"; };
		01673F671B851035003BF37F /* SessionRating.m */ = {isa = PBXFileReference; fileEncoding = 4; lastKnownFileType = sourcecode.c.objc; path = SessionRating.m; sourceTree = "<group>"; };
		01673F6C1B85136A003BF37F /* HomeViewController.h */ = {isa = PBXFileReference; fileEncoding = 4; lastKnownFileType = sourcecode.c.h; path = HomeViewController.h; sourceTree = "<group>"; };
		01673F6D1B85136A003BF37F /* HomeViewController.m */ = {isa = PBXFileReference; fileEncoding = 4; lastKnownFileType = sourcecode.c.objc; path = HomeViewController.m; sourceTree = "<group>"; };
		01673F6F1B8517A9003BF37F /* AgendaTableViewController.h */ = {isa = PBXFileReference; fileEncoding = 4; lastKnownFileType = sourcecode.c.h; path = AgendaTableViewController.h; sourceTree = "<group>"; };
		01673F701B8517A9003BF37F /* AgendaTableViewController.m */ = {isa = PBXFileReference; fileEncoding = 4; lastKnownFileType = sourcecode.c.objc; path = AgendaTableViewController.m; sourceTree = "<group>"; };
		01673FAB1B854686003BF37F /* AgendaTableViewCell.h */ = {isa = PBXFileReference; fileEncoding = 4; lastKnownFileType = sourcecode.c.h; path = AgendaTableViewCell.h; sourceTree = "<group>"; };
		01673FAC1B854686003BF37F /* AgendaTableViewCell.m */ = {isa = PBXFileReference; fileEncoding = 4; lastKnownFileType = sourcecode.c.objc; path = AgendaTableViewCell.m; sourceTree = "<group>"; };
		01673FAE1B855D4D003BF37F /* LoginViewController.h */ = {isa = PBXFileReference; fileEncoding = 4; lastKnownFileType = sourcecode.c.h; path = LoginViewController.h; sourceTree = "<group>"; };
		01673FAF1B855D4D003BF37F /* LoginViewController.m */ = {isa = PBXFileReference; fileEncoding = 4; lastKnownFileType = sourcecode.c.objc; path = LoginViewController.m; sourceTree = "<group>"; };
		01673FB21B855DDD003BF37F /* login-button-small-pressed.png */ = {isa = PBXFileReference; lastKnownFileType = image.png; path = "login-button-small-pressed.png"; sourceTree = "<group>"; };
		01673FB31B855DDD003BF37F /* login-button-small-pressed@2x.png */ = {isa = PBXFileReference; lastKnownFileType = image.png; path = "login-button-small-pressed@2x.png"; sourceTree = "<group>"; };
		01673FB41B855DDD003BF37F /* login-button-small.png */ = {isa = PBXFileReference; lastKnownFileType = image.png; path = "login-button-small.png"; sourceTree = "<group>"; };
		01673FB51B855DDD003BF37F /* login-button-small@2x.png */ = {isa = PBXFileReference; lastKnownFileType = image.png; path = "login-button-small@2x.png"; sourceTree = "<group>"; };
		01673FBA1B864649003BF37F /* SignUpViewController.h */ = {isa = PBXFileReference; fileEncoding = 4; lastKnownFileType = sourcecode.c.h; path = SignUpViewController.h; sourceTree = "<group>"; };
		01673FBB1B864649003BF37F /* SignUpViewController.m */ = {isa = PBXFileReference; fileEncoding = 4; lastKnownFileType = sourcecode.c.objc; path = SignUpViewController.m; sourceTree = "<group>"; };
		01673FBD1B865D22003BF37F /* SessionDetailsViewController.h */ = {isa = PBXFileReference; fileEncoding = 4; lastKnownFileType = sourcecode.c.h; path = SessionDetailsViewController.h; sourceTree = "<group>"; };
		01673FBE1B865D22003BF37F /* SessionDetailsViewController.m */ = {isa = PBXFileReference; fileEncoding = 4; lastKnownFileType = sourcecode.c.objc; path = SessionDetailsViewController.m; sourceTree = "<group>"; };
		016740461B8ACB2E003BF37F /* AMRatingControl.h */ = {isa = PBXFileReference; fileEncoding = 4; lastKnownFileType = sourcecode.c.h; path = AMRatingControl.h; sourceTree = "<group>"; };
		016740471B8ACB2E003BF37F /* AMRatingControl.m */ = {isa = PBXFileReference; fileEncoding = 4; lastKnownFileType = sourcecode.c.objc; path = AMRatingControl.m; sourceTree = "<group>"; };
		0167404A1B8B7BD5003BF37F /* Base */ = {isa = PBXFileReference; lastKnownFileType = file.xib; name = Base; path = Base.lproj/LaunchScreen.xib; sourceTree = "<group>"; };
		0167404D1B8B8DB2003BF37F /* RECommonFunctions.h */ = {isa = PBXFileReference; fileEncoding = 4; lastKnownFileType = sourcecode.c.h; path = RECommonFunctions.h; sourceTree = "<group>"; };
		0167404E1B8B8DB2003BF37F /* RECommonFunctions.m */ = {isa = PBXFileReference; fileEncoding = 4; lastKnownFileType = sourcecode.c.objc; path = RECommonFunctions.m; sourceTree = "<group>"; };
		0167404F1B8B8DB2003BF37F /* RESideMenu.h */ = {isa = PBXFileReference; fileEncoding = 4; lastKnownFileType = sourcecode.c.h; path = RESideMenu.h; sourceTree = "<group>"; };
		016740501B8B8DB2003BF37F /* RESideMenu.m */ = {isa = PBXFileReference; fileEncoding = 4; lastKnownFileType = sourcecode.c.objc; path = RESideMenu.m; sourceTree = "<group>"; };
		016740511B8B8DB2003BF37F /* UIViewController+RESideMenu.h */ = {isa = PBXFileReference; fileEncoding = 4; lastKnownFileType = sourcecode.c.h; path = "UIViewController+RESideMenu.h"; sourceTree = "<group>"; };
		016740521B8B8DB2003BF37F /* UIViewController+RESideMenu.m */ = {isa = PBXFileReference; fileEncoding = 4; lastKnownFileType = sourcecode.c.objc; path = "UIViewController+RESideMenu.m"; sourceTree = "<group>"; };
		016740561B8B8EB7003BF37F /* RootViewController.h */ = {isa = PBXFileReference; fileEncoding = 4; lastKnownFileType = sourcecode.c.h; path = RootViewController.h; sourceTree = "<group>"; };
		016740571B8B8EB7003BF37F /* RootViewController.m */ = {isa = PBXFileReference; fileEncoding = 4; lastKnownFileType = sourcecode.c.objc; path = RootViewController.m; sourceTree = "<group>"; };
		016740591B8B8F34003BF37F /* LeftMenuViewController.h */ = {isa = PBXFileReference; fileEncoding = 4; lastKnownFileType = sourcecode.c.h; path = LeftMenuViewController.h; sourceTree = "<group>"; };
		0167405A1B8B8F34003BF37F /* LeftMenuViewController.m */ = {isa = PBXFileReference; fileEncoding = 4; lastKnownFileType = sourcecode.c.objc; path = LeftMenuViewController.m; sourceTree = "<group>"; };
		01A61F651B96C9B1000A7DAC /* AgendaItem.h */ = {isa = PBXFileReference; fileEncoding = 4; lastKnownFileType = sourcecode.c.h; path = AgendaItem.h; sourceTree = "<group>"; };
		01A61F661B96C9B1000A7DAC /* AgendaItem.m */ = {isa = PBXFileReference; fileEncoding = 4; lastKnownFileType = sourcecode.c.objc; path = AgendaItem.m; sourceTree = "<group>"; };
		01A61F681B98AE5B000A7DAC /* SpeakerTableViewController.h */ = {isa = PBXFileReference; fileEncoding = 4; lastKnownFileType = sourcecode.c.h; path = SpeakerTableViewController.h; sourceTree = "<group>"; };
		01A61F691B98AE5B000A7DAC /* SpeakerTableViewController.m */ = {isa = PBXFileReference; fileEncoding = 4; lastKnownFileType = sourcecode.c.objc; path = SpeakerTableViewController.m; sourceTree = "<group>"; };
		01A61F6B1B98B3D7000A7DAC /* SpeakerTableViewCell.h */ = {isa = PBXFileReference; fileEncoding = 4; lastKnownFileType = sourcecode.c.h; path = SpeakerTableViewCell.h; sourceTree = "<group>"; };
		01A61F6C1B98B3D7000A7DAC /* SpeakerTableViewCell.m */ = {isa = PBXFileReference; fileEncoding = 4; lastKnownFileType = sourcecode.c.objc; path = SpeakerTableViewCell.m; sourceTree = "<group>"; };
		01CF8BBD1B9622E40096F438 /* QRCodeViewController.h */ = {isa = PBXFileReference; fileEncoding = 4; lastKnownFileType = sourcecode.c.h; path = QRCodeViewController.h; sourceTree = "<group>"; };
		01CF8BBE1B9622E40096F438 /* QRCodeViewController.m */ = {isa = PBXFileReference; fileEncoding = 4; lastKnownFileType = sourcecode.c.objc; path = QRCodeViewController.m; sourceTree = "<group>"; };
		01E578EC1BB772E400D4D498 /* PartnersViewController.h */ = {isa = PBXFileReference; fileEncoding = 4; lastKnownFileType = sourcecode.c.h; path = PartnersViewController.h; sourceTree = "<group>"; };
		01E578ED1BB772E400D4D498 /* PartnersViewController.m */ = {isa = PBXFileReference; fileEncoding = 4; lastKnownFileType = sourcecode.c.objc; path = PartnersViewController.m; sourceTree = "<group>"; };
/* End PBXFileReference section */

/* Begin PBXFrameworksBuildPhase section */
		01673EDC1B842121003BF37F /* Frameworks */ = {
			isa = PBXFrameworksBuildPhase;
			buildActionMask = 2147483647;
			files = (
				01673F441B8505E0003BF37F /* AudioToolbox.framework in Frameworks */,
				01673F5A1B850DAF003BF37F /* Bolts.framework in Frameworks */,
				01673F451B8505E0003BF37F /* CFNetwork.framework in Frameworks */,
				01673F461B8505E0003BF37F /* CoreLocation.framework in Frameworks */,
				01673F471B8505E0003BF37F /* libsqlite3.dylib in Frameworks */,
				01673F481B8505E0003BF37F /* libz.dylib in Frameworks */,
				014F31601B8CFBAB0062FC24 /* MapKit.framework in Frameworks */,
				01673F491B8505E0003BF37F /* QuartzCore.framework in Frameworks */,
				01673F4A1B8505E0003BF37F /* Security.framework in Frameworks */,
				01673F4B1B8505E0003BF37F /* StoreKit.framework in Frameworks */,
				01154F531B94ADD500A2D862 /* Social.framework in Frameworks */,
				01673F4C1B8505E0003BF37F /* SystemConfiguration.framework in Frameworks */,
				01673F3A1B85057C003BF37F /* Parse.framework in Frameworks */,
			);
			runOnlyForDeploymentPostprocessing = 0;
		};
		01673EF81B842121003BF37F /* Frameworks */ = {
			isa = PBXFrameworksBuildPhase;
			buildActionMask = 2147483647;
			files = (
			);
			runOnlyForDeploymentPostprocessing = 0;
		};
/* End PBXFrameworksBuildPhase section */

/* Begin PBXGroup section */
		01673ED61B842121003BF37F = {
			isa = PBXGroup;
			children = (
				01673F0B1B842130003BF37F /* Frameworks */,
				01673EE11B842121003BF37F /* PolarionLive2015 */,
				01673EFE1B842121003BF37F /* PolarionLive2015Tests */,
				01673EE01B842121003BF37F /* Products */,
			);
			sourceTree = "<group>";
		};
		01673EE01B842121003BF37F /* Products */ = {
			isa = PBXGroup;
			children = (
				01673EDF1B842121003BF37F /* PolarionLive2015.app */,
				01673EFB1B842121003BF37F /* PolarionLive2015Tests.xctest */,
			);
			name = Products;
			sourceTree = "<group>";
		};
		01673EE11B842121003BF37F /* PolarionLive2015 */ = {
			isa = PBXGroup;
			children = (
				01673EE61B842121003BF37F /* AppDelegate.h */,
				01673EE71B842121003BF37F /* AppDelegate.m */,
				016740451B8ACAEF003BF37F /* Controls */,
				01673EF21B842121003BF37F /* Images.xcassets */,
				016740491B8B7BD5003BF37F /* LaunchScreen.xib */,
				01673EEF1B842121003BF37F /* Main.storyboard */,
				01673F611B851035003BF37F /* Model */,
				01673EE91B842121003BF37F /* PolarionLive2015.xcdatamodeld */,
				0167404C1B8B8D71003BF37F /* RESideMenu */,
				01673FB11B855DDD003BF37F /* Resources */,
				01673EE21B842121003BF37F /* Supporting Files */,
				01673FAA1B854646003BF37F /* TableViewCells */,
				01673FFB1B87B535003BF37F /* Utility */,
				01673EEC1B842121003BF37F /* ViewController.h */,
				01673EED1B842121003BF37F /* ViewController.m */,
				01673F6B1B851327003BF37F /* ViewControllers */,
			);
			path = PolarionLive2015;
			sourceTree = "<group>";
		};
		01673EE21B842121003BF37F /* Supporting Files */ = {
			isa = PBXGroup;
			children = (
				01673EE31B842121003BF37F /* Info.plist */,
				01673EE41B842121003BF37F /* main.m */,
			);
			name = "Supporting Files";
			sourceTree = "<group>";
		};
		01673EFE1B842121003BF37F /* PolarionLive2015Tests */ = {
			isa = PBXGroup;
			children = (
				01673F011B842121003BF37F /* PolarionLive2015Tests.m */,
				01673EFF1B842121003BF37F /* Supporting Files */,
			);
			path = PolarionLive2015Tests;
			sourceTree = "<group>";
		};
		01673EFF1B842121003BF37F /* Supporting Files */ = {
			isa = PBXGroup;
			children = (
				01673F001B842121003BF37F /* Info.plist */,
			);
			name = "Supporting Files";
			sourceTree = "<group>";
		};
		01673F0B1B842130003BF37F /* Frameworks */ = {
			isa = PBXGroup;
			children = (
				01154F521B94ADD500A2D862 /* Social.framework */,
				014F315F1B8CFBAB0062FC24 /* MapKit.framework */,
				01673F3B1B8505E0003BF37F /* AudioToolbox.framework */,
				01673F3C1B8505E0003BF37F /* CFNetwork.framework */,
				01673F3D1B8505E0003BF37F /* CoreLocation.framework */,
				01673F3E1B8505E0003BF37F /* libsqlite3.dylib */,
				01673F3F1B8505E0003BF37F /* libz.dylib */,
				01673F401B8505E0003BF37F /* QuartzCore.framework */,
				01673F411B8505E0003BF37F /* Security.framework */,
				01673F421B8505E0003BF37F /* StoreKit.framework */,
				01673F431B8505E0003BF37F /* SystemConfiguration.framework */,
				01673F361B85051B003BF37F /* Parse */,
			);
			name = Frameworks;
			sourceTree = "<group>";
		};
		01673F361B85051B003BF37F /* Parse */ = {
			isa = PBXGroup;
			children = (
				01673F591B850DAF003BF37F /* Bolts.framework */,
				01673F381B85057C003BF37F /* Parse.framework */,
			);
			name = Parse;
			sourceTree = "<group>";
		};
		01673F611B851035003BF37F /* Model */ = {
			isa = PBXGroup;
			children = (
				014F31611B8CFDB30062FC24 /* PlaceAnnotation.h */,
				014F31621B8CFDB30062FC24 /* PlaceAnnotation.m */,
				01673F621B851035003BF37F /* DateObject.h */,
				01673F631B851035003BF37F /* DateObject.m */,
				01673F641B851035003BF37F /* SessionInfo.h */,
				01673F651B851035003BF37F /* SessionInfo.m */,
				01673F661B851035003BF37F /* SessionRating.h */,
				01673F671B851035003BF37F /* SessionRating.m */,
				01A61F651B96C9B1000A7DAC /* AgendaItem.h */,
				01A61F661B96C9B1000A7DAC /* AgendaItem.m */,
			);
			path = Model;
			sourceTree = "<group>";
		};
		01673F6B1B851327003BF37F /* ViewControllers */ = {
			isa = PBXGroup;
			children = (
				01673F6F1B8517A9003BF37F /* AgendaTableViewController.h */,
				01673F701B8517A9003BF37F /* AgendaTableViewController.m */,
				01673F6C1B85136A003BF37F /* HomeViewController.h */,
				01673F6D1B85136A003BF37F /* HomeViewController.m */,
				016740591B8B8F34003BF37F /* LeftMenuViewController.h */,
				0167405A1B8B8F34003BF37F /* LeftMenuViewController.m */,
				01673FAE1B855D4D003BF37F /* LoginViewController.h */,
				01673FAF1B855D4D003BF37F /* LoginViewController.m */,
				014F315C1B8CF5D80062FC24 /* MapViewController.h */,
				014F315D1B8CF5D80062FC24 /* MapViewController.m */,
				01CF8BBD1B9622E40096F438 /* QRCodeViewController.h */,
				01CF8BBE1B9622E40096F438 /* QRCodeViewController.m */,
				01154F541B94C5DB00A2D862 /* RaffleViewController.h */,
				01154F551B94C5DB00A2D862 /* RaffleViewController.m */,
				016740561B8B8EB7003BF37F /* RootViewController.h */,
				016740571B8B8EB7003BF37F /* RootViewController.m */,
				01673FBD1B865D22003BF37F /* SessionDetailsViewController.h */,
				01673FBE1B865D22003BF37F /* SessionDetailsViewController.m */,
				01673FBA1B864649003BF37F /* SignUpViewController.h */,
				01673FBB1B864649003BF37F /* SignUpViewController.m */,
				01154F4F1B94A89600A2D862 /* SocialViewController.h */,
				01154F501B94A89600A2D862 /* SocialViewController.m */,
				01A61F681B98AE5B000A7DAC /* SpeakerTableViewController.h */,
				01A61F691B98AE5B000A7DAC /* SpeakerTableViewController.m */,
				01154F571B94F11F00A2D862 /* WebViewController.h */,
				01154F581B94F11F00A2D862 /* WebViewController.m */,
				01E578EC1BB772E400D4D498 /* PartnersViewController.h */,
				01E578ED1BB772E400D4D498 /* PartnersViewController.m */,
			);
			path = ViewControllers;
			sourceTree = "<group>";
		};
		01673FAA1B854646003BF37F /* TableViewCells */ = {
			isa = PBXGroup;
			children = (
				01673FAB1B854686003BF37F /* AgendaTableViewCell.h */,
				01673FAC1B854686003BF37F /* AgendaTableViewCell.m */,
				01A61F6B1B98B3D7000A7DAC /* SpeakerTableViewCell.h */,
				01A61F6C1B98B3D7000A7DAC /* SpeakerTableViewCell.m */,
			);
			path = TableViewCells;
			sourceTree = "<group>";
		};
		01673FB11B855DDD003BF37F /* Resources */ = {
			isa = PBXGroup;
			children = (
				01673FB21B855DDD003BF37F /* login-button-small-pressed.png */,
				01673FB31B855DDD003BF37F /* login-button-small-pressed@2x.png */,
				01673FB41B855DDD003BF37F /* login-button-small.png */,
				01673FB51B855DDD003BF37F /* login-button-small@2x.png */,
			);
			path = Resources;
			sourceTree = "<group>";
		};
		01673FFB1B87B535003BF37F /* Utility */ = {
			isa = PBXGroup;
			children = (
				01154F5A1B94F85500A2D862 /* URLService.h */,
				01154F5B1B94F85500A2D862 /* URLService.m */,
			);
			name = Utility;
			sourceTree = "<group>";
		};
		016740451B8ACAEF003BF37F /* Controls */ = {
			isa = PBXGroup;
			children = (
				016740461B8ACB2E003BF37F /* AMRatingControl.h */,
				016740471B8ACB2E003BF37F /* AMRatingControl.m */,
			);
			path = Controls;
			sourceTree = "<group>";
		};
		0167404C1B8B8D71003BF37F /* RESideMenu */ = {
			isa = PBXGroup;
			children = (
				0167404D1B8B8DB2003BF37F /* RECommonFunctions.h */,
				0167404E1B8B8DB2003BF37F /* RECommonFunctions.m */,
				0167404F1B8B8DB2003BF37F /* RESideMenu.h */,
				016740501B8B8DB2003BF37F /* RESideMenu.m */,
				016740511B8B8DB2003BF37F /* UIViewController+RESideMenu.h */,
				016740521B8B8DB2003BF37F /* UIViewController+RESideMenu.m */,
			);
			path = RESideMenu;
			sourceTree = "<group>";
		};
/* End PBXGroup section */

/* Begin PBXNativeTarget section */
		01673EDE1B842121003BF37F /* PolarionLive2015 */ = {
			isa = PBXNativeTarget;
			buildConfigurationList = 01673F051B842121003BF37F /* Build configuration list for PBXNativeTarget "PolarionLive2015" */;
			buildPhases = (
				01673EDB1B842121003BF37F /* Sources */,
				01673EDC1B842121003BF37F /* Frameworks */,
				01673EDD1B842121003BF37F /* Resources */,
			);
			buildRules = (
			);
			dependencies = (
			);
			name = PolarionLive2015;
			productName = PolarionLive2015;
			productReference = 01673EDF1B842121003BF37F /* PolarionLive2015.app */;
			productType = "com.apple.product-type.application";
		};
		01673EFA1B842121003BF37F /* PolarionLive2015Tests */ = {
			isa = PBXNativeTarget;
			buildConfigurationList = 01673F081B842121003BF37F /* Build configuration list for PBXNativeTarget "PolarionLive2015Tests" */;
			buildPhases = (
				01673EF71B842121003BF37F /* Sources */,
				01673EF81B842121003BF37F /* Frameworks */,
				01673EF91B842121003BF37F /* Resources */,
			);
			buildRules = (
			);
			dependencies = (
				01673EFD1B842121003BF37F /* PBXTargetDependency */,
			);
			name = PolarionLive2015Tests;
			productName = PolarionLive2015Tests;
			productReference = 01673EFB1B842121003BF37F /* PolarionLive2015Tests.xctest */;
			productType = "com.apple.product-type.bundle.unit-test";
		};
/* End PBXNativeTarget section */

/* Begin PBXProject section */
		01673ED71B842121003BF37F /* Project object */ = {
			isa = PBXProject;
			attributes = {
				LastUpgradeCheck = 0640;
				ORGANIZATIONNAME = "Scott Richards";
				TargetAttributes = {
					01673EDE1B842121003BF37F = {
						CreatedOnToolsVersion = 6.4;
						DevelopmentTeam = KCL29RH4A8;
					};
					01673EFA1B842121003BF37F = {
						CreatedOnToolsVersion = 6.4;
						TestTargetID = 01673EDE1B842121003BF37F;
					};
				};
			};
			buildConfigurationList = 01673EDA1B842121003BF37F /* Build configuration list for PBXProject "PolarionLive2015" */;
			compatibilityVersion = "Xcode 3.2";
			developmentRegion = English;
			hasScannedForEncodings = 0;
			knownRegions = (
				en,
				Base,
			);
			mainGroup = 01673ED61B842121003BF37F;
			productRefGroup = 01673EE01B842121003BF37F /* Products */;
			projectDirPath = "";
			projectRoot = "";
			targets = (
				01673EDE1B842121003BF37F /* PolarionLive2015 */,
				01673EFA1B842121003BF37F /* PolarionLive2015Tests */,
			);
		};
/* End PBXProject section */

/* Begin PBXResourcesBuildPhase section */
		01673EDD1B842121003BF37F /* Resources */ = {
			isa = PBXResourcesBuildPhase;
			buildActionMask = 2147483647;
			files = (
				01673FB71B855DDD003BF37F /* login-button-small-pressed@2x.png in Resources */,
				01673FB81B855DDD003BF37F /* login-button-small.png in Resources */,
				01673FB61B855DDD003BF37F /* login-button-small-pressed.png in Resources */,
				0167404B1B8B7BD5003BF37F /* LaunchScreen.xib in Resources */,
				01673EF11B842121003BF37F /* Main.storyboard in Resources */,
				01673FB91B855DDD003BF37F /* login-button-small@2x.png in Resources */,
				01673EF31B842121003BF37F /* Images.xcassets in Resources */,
			);
			runOnlyForDeploymentPostprocessing = 0;
		};
		01673EF91B842121003BF37F /* Resources */ = {
			isa = PBXResourcesBuildPhase;
			buildActionMask = 2147483647;
			files = (
			);
			runOnlyForDeploymentPostprocessing = 0;
		};
/* End PBXResourcesBuildPhase section */

/* Begin PBXSourcesBuildPhase section */
		01673EDB1B842121003BF37F /* Sources */ = {
			isa = PBXSourcesBuildPhase;
			buildActionMask = 2147483647;
			files = (
				01673EE81B842121003BF37F /* AppDelegate.m in Sources */,
				01E578EE1BB772E400D4D498 /* PartnersViewController.m in Sources */,
				016740581B8B8EB7003BF37F /* RootViewController.m in Sources */,
				01673F6A1B851035003BF37F /* SessionRating.m in Sources */,
				01673FBF1B865D22003BF37F /* SessionDetailsViewController.m in Sources */,
				01673FBC1B86464A003BF37F /* SignUpViewController.m in Sources */,
				01A61F6D1B98B3D7000A7DAC /* SpeakerTableViewCell.m in Sources */,
				01CF8BBF1B9622E40096F438 /* QRCodeViewController.m in Sources */,
				01673EEB1B842121003BF37F /* PolarionLive2015.xcdatamodeld in Sources */,
				014F315E1B8CF5D80062FC24 /* MapViewController.m in Sources */,
				01154F5C1B94F85500A2D862 /* URLService.m in Sources */,
				01673F691B851035003BF37F /* SessionInfo.m in Sources */,
				01154F561B94C5DB00A2D862 /* RaffleViewController.m in Sources */,
				01673EEE1B842121003BF37F /* ViewController.m in Sources */,
				016740531B8B8DB2003BF37F /* RECommonFunctions.m in Sources */,
				01673FAD1B854686003BF37F /* AgendaTableViewCell.m in Sources */,
				016740541B8B8DB2003BF37F /* RESideMenu.m in Sources */,
				01673F681B851035003BF37F /* DateObject.m in Sources */,
				01154F511B94A89600A2D862 /* SocialViewController.m in Sources */,
				01673EE51B842121003BF37F /* main.m in Sources */,
				01673F6E1B85136A003BF37F /* HomeViewController.m in Sources */,
				01673FB01B855D4D003BF37F /* LoginViewController.m in Sources */,
				014F31631B8CFDB30062FC24 /* PlaceAnnotation.m in Sources */,
				016740481B8ACB2E003BF37F /* AMRatingControl.m in Sources */,
				01673F711B8517A9003BF37F /* AgendaTableViewController.m in Sources */,
				01154F591B94F11F00A2D862 /* WebViewController.m in Sources */,
				01A61F6A1B98AE5B000A7DAC /* SpeakerTableViewController.m in Sources */,
				0167405B1B8B8F34003BF37F /* LeftMenuViewController.m in Sources */,
				01A61F671B96C9B1000A7DAC /* AgendaItem.m in Sources */,
				016740551B8B8DB2003BF37F /* UIViewController+RESideMenu.m in Sources */,
			);
			runOnlyForDeploymentPostprocessing = 0;
		};
		01673EF71B842121003BF37F /* Sources */ = {
			isa = PBXSourcesBuildPhase;
			buildActionMask = 2147483647;
			files = (
				01673F021B842121003BF37F /* PolarionLive2015Tests.m in Sources */,
			);
			runOnlyForDeploymentPostprocessing = 0;
		};
/* End PBXSourcesBuildPhase section */

/* Begin PBXTargetDependency section */
		01673EFD1B842121003BF37F /* PBXTargetDependency */ = {
			isa = PBXTargetDependency;
			target = 01673EDE1B842121003BF37F /* PolarionLive2015 */;
			targetProxy = 01673EFC1B842121003BF37F /* PBXContainerItemProxy */;
		};
/* End PBXTargetDependency section */

/* Begin PBXVariantGroup section */
		01673EEF1B842121003BF37F /* Main.storyboard */ = {
			isa = PBXVariantGroup;
			children = (
				01673EF01B842121003BF37F /* Base */,
			);
			name = Main.storyboard;
			sourceTree = "<group>";
		};
		016740491B8B7BD5003BF37F /* LaunchScreen.xib */ = {
			isa = PBXVariantGroup;
			children = (
				0167404A1B8B7BD5003BF37F /* Base */,
			);
			name = LaunchScreen.xib;
			sourceTree = "<group>";
		};
/* End PBXVariantGroup section */

/* Begin XCBuildConfiguration section */
		01673F031B842121003BF37F /* Debug */ = {
			isa = XCBuildConfiguration;
			buildSettings = {
				ALWAYS_SEARCH_USER_PATHS = NO;
				CLANG_CXX_LANGUAGE_STANDARD = "gnu++0x";
				CLANG_CXX_LIBRARY = "libc++";
				CLANG_ENABLE_MODULES = YES;
				CLANG_ENABLE_OBJC_ARC = YES;
				CLANG_WARN_BOOL_CONVERSION = YES;
				CLANG_WARN_CONSTANT_CONVERSION = YES;
				CLANG_WARN_DIRECT_OBJC_ISA_USAGE = YES_ERROR;
				CLANG_WARN_EMPTY_BODY = YES;
				CLANG_WARN_ENUM_CONVERSION = YES;
				CLANG_WARN_INT_CONVERSION = YES;
				CLANG_WARN_OBJC_ROOT_CLASS = YES_ERROR;
				CLANG_WARN_UNREACHABLE_CODE = YES;
				CLANG_WARN__DUPLICATE_METHOD_MATCH = YES;
				"CODE_SIGN_IDENTITY[sdk=iphoneos*]" = "iPhone Developer";
				COPY_PHASE_STRIP = NO;
				DEBUG_INFORMATION_FORMAT = "dwarf-with-dsym";
				ENABLE_STRICT_OBJC_MSGSEND = YES;
				GCC_C_LANGUAGE_STANDARD = gnu99;
				GCC_DYNAMIC_NO_PIC = NO;
				GCC_NO_COMMON_BLOCKS = YES;
				GCC_OPTIMIZATION_LEVEL = 0;
				GCC_PREPROCESSOR_DEFINITIONS = (
					"DEBUG=1",
					"$(inherited)",
				);
				GCC_SYMBOLS_PRIVATE_EXTERN = NO;
				GCC_WARN_64_TO_32_BIT_CONVERSION = YES;
				GCC_WARN_ABOUT_RETURN_TYPE = YES_ERROR;
				GCC_WARN_UNDECLARED_SELECTOR = YES;
				GCC_WARN_UNINITIALIZED_AUTOS = YES_AGGRESSIVE;
				GCC_WARN_UNUSED_FUNCTION = YES;
				GCC_WARN_UNUSED_VARIABLE = YES;
				IPHONEOS_DEPLOYMENT_TARGET = 8.4;
				MTL_ENABLE_DEBUG_INFO = YES;
				ONLY_ACTIVE_ARCH = YES;
				SDKROOT = iphoneos;
			};
			name = Debug;
		};
		01673F041B842121003BF37F /* Release */ = {
			isa = XCBuildConfiguration;
			buildSettings = {
				ALWAYS_SEARCH_USER_PATHS = NO;
				CLANG_CXX_LANGUAGE_STANDARD = "gnu++0x";
				CLANG_CXX_LIBRARY = "libc++";
				CLANG_ENABLE_MODULES = YES;
				CLANG_ENABLE_OBJC_ARC = YES;
				CLANG_WARN_BOOL_CONVERSION = YES;
				CLANG_WARN_CONSTANT_CONVERSION = YES;
				CLANG_WARN_DIRECT_OBJC_ISA_USAGE = YES_ERROR;
				CLANG_WARN_EMPTY_BODY = YES;
				CLANG_WARN_ENUM_CONVERSION = YES;
				CLANG_WARN_INT_CONVERSION = YES;
				CLANG_WARN_OBJC_ROOT_CLASS = YES_ERROR;
				CLANG_WARN_UNREACHABLE_CODE = YES;
				CLANG_WARN__DUPLICATE_METHOD_MATCH = YES;
				"CODE_SIGN_IDENTITY[sdk=iphoneos*]" = "iPhone Developer";
				COPY_PHASE_STRIP = NO;
				DEBUG_INFORMATION_FORMAT = "dwarf-with-dsym";
				ENABLE_NS_ASSERTIONS = NO;
				ENABLE_STRICT_OBJC_MSGSEND = YES;
				GCC_C_LANGUAGE_STANDARD = gnu99;
				GCC_NO_COMMON_BLOCKS = YES;
				GCC_WARN_64_TO_32_BIT_CONVERSION = YES;
				GCC_WARN_ABOUT_RETURN_TYPE = YES_ERROR;
				GCC_WARN_UNDECLARED_SELECTOR = YES;
				GCC_WARN_UNINITIALIZED_AUTOS = YES_AGGRESSIVE;
				GCC_WARN_UNUSED_FUNCTION = YES;
				GCC_WARN_UNUSED_VARIABLE = YES;
				IPHONEOS_DEPLOYMENT_TARGET = 8.4;
				MTL_ENABLE_DEBUG_INFO = NO;
				SDKROOT = iphoneos;
				VALIDATE_PRODUCT = YES;
			};
			name = Release;
		};
		01673F061B842121003BF37F /* Debug */ = {
			isa = XCBuildConfiguration;
			buildSettings = {
				ASSETCATALOG_COMPILER_APPICON_NAME = AppIcon;
				CODE_SIGN_IDENTITY = "iPhone Developer";
				FRAMEWORK_SEARCH_PATHS = (
					"$(inherited)",
					"$(PROJECT_DIR)",
				);
				INFOPLIST_FILE = PolarionLive2015/Info.plist;
				IPHONEOS_DEPLOYMENT_TARGET = 8.0;
				LD_RUNPATH_SEARCH_PATHS = "$(inherited) @executable_path/Frameworks";
				PRODUCT_NAME = "$(TARGET_NAME)";
				TARGETED_DEVICE_FAMILY = "1,2";
			};
			name = Debug;
		};
		01673F071B842121003BF37F /* Release */ = {
			isa = XCBuildConfiguration;
			buildSettings = {
				ASSETCATALOG_COMPILER_APPICON_NAME = AppIcon;
				CODE_SIGN_IDENTITY = "iPhone Developer";
				FRAMEWORK_SEARCH_PATHS = (
					"$(inherited)",
					"$(PROJECT_DIR)",
				);
				INFOPLIST_FILE = PolarionLive2015/Info.plist;
				IPHONEOS_DEPLOYMENT_TARGET = 8.0;
				LD_RUNPATH_SEARCH_PATHS = "$(inherited) @executable_path/Frameworks";
				PRODUCT_NAME = "$(TARGET_NAME)";
				TARGETED_DEVICE_FAMILY = "1,2";
			};
			name = Release;
		};
		01673F091B842121003BF37F /* Debug */ = {
			isa = XCBuildConfiguration;
			buildSettings = {
				BUNDLE_LOADER = "$(TEST_HOST)";
				FRAMEWORK_SEARCH_PATHS = (
					"$(SDKROOT)/Developer/Library/Frameworks",
					"$(inherited)",
				);
				GCC_PREPROCESSOR_DEFINITIONS = (
					"DEBUG=1",
					"$(inherited)",
				);
				INFOPLIST_FILE = PolarionLive2015Tests/Info.plist;
				LD_RUNPATH_SEARCH_PATHS = "$(inherited) @executable_path/Frameworks @loader_path/Frameworks";
				PRODUCT_NAME = "$(TARGET_NAME)";
				TEST_HOST = "$(BUILT_PRODUCTS_DIR)/PolarionLive2015.app/PolarionLive2015";
			};
			name = Debug;
		};
		01673F0A1B842121003BF37F /* Release */ = {
			isa = XCBuildConfiguration;
			buildSettings = {
				BUNDLE_LOADER = "$(TEST_HOST)";
				FRAMEWORK_SEARCH_PATHS = (
					"$(SDKROOT)/Developer/Library/Frameworks",
					"$(inherited)",
				);
				INFOPLIST_FILE = PolarionLive2015Tests/Info.plist;
				LD_RUNPATH_SEARCH_PATHS = "$(inherited) @executable_path/Frameworks @loader_path/Frameworks";
				PRODUCT_NAME = "$(TARGET_NAME)";
				TEST_HOST = "$(BUILT_PRODUCTS_DIR)/PolarionLive2015.app/PolarionLive2015";
			};
			name = Release;
		};
/* End XCBuildConfiguration section */

/* Begin XCConfigurationList section */
		01673EDA1B842121003BF37F /* Build configuration list for PBXProject "PolarionLive2015" */ = {
			isa = XCConfigurationList;
			buildConfigurations = (
				01673F031B842121003BF37F /* Debug */,
				01673F041B842121003BF37F /* Release */,
			);
			defaultConfigurationIsVisible = 0;
			defaultConfigurationName = Release;
		};
		01673F051B842121003BF37F /* Build configuration list for PBXNativeTarget "PolarionLive2015" */ = {
			isa = XCConfigurationList;
			buildConfigurations = (
				01673F061B842121003BF37F /* Debug */,
				01673F071B842121003BF37F /* Release */,
			);
			defaultConfigurationIsVisible = 0;
			defaultConfigurationName = Release;
		};
		01673F081B842121003BF37F /* Build configuration list for PBXNativeTarget "PolarionLive2015Tests" */ = {
			isa = XCConfigurationList;
			buildConfigurations = (
				01673F091B842121003BF37F /* Debug */,
				01673F0A1B842121003BF37F /* Release */,
			);
			defaultConfigurationIsVisible = 0;
			defaultConfigurationName = Release;
		};
/* End XCConfigurationList section */

/* Begin XCVersionGroup section */
		01673EE91B842121003BF37F /* PolarionLive2015.xcdatamodeld */ = {
			isa = XCVersionGroup;
			children = (
				01673EEA1B842121003BF37F /* PolarionLive2015.xcdatamodel */,
			);
			currentVersion = 01673EEA1B842121003BF37F /* PolarionLive2015.xcdatamodel */;
			path = PolarionLive2015.xcdatamodeld;
			sourceTree = "<group>";
			versionGroupType = wrapper.xcdatamodel;
		};
/* End XCVersionGroup section */
	};
	rootObject = 01673ED71B842121003BF37F /* Project object */;
}
